// !$*UTF8*$!
{
	archiveVersion = 1;
	classes = {
	};
	objectVersion = 50;
	objects = {

/* Begin PBXBuildFile section */
		BC06966823FB06C500502128 /* AppDelegate.swift in Sources */ = {isa = PBXBuildFile; fileRef = BC06966723FB06C500502128 /* AppDelegate.swift */; };
		BC06966A23FB06C500502128 /* art.scnassets in Resources */ = {isa = PBXBuildFile; fileRef = BC06966923FB06C500502128 /* art.scnassets */; };
		BC06966C23FB06C500502128 /* ViewController.swift in Sources */ = {isa = PBXBuildFile; fileRef = BC06966B23FB06C500502128 /* ViewController.swift */; };
		BC06966F23FB06C500502128 /* Main.storyboard in Resources */ = {isa = PBXBuildFile; fileRef = BC06966D23FB06C500502128 /* Main.storyboard */; };
		BC06967123FB06C800502128 /* Assets.xcassets in Resources */ = {isa = PBXBuildFile; fileRef = BC06967023FB06C800502128 /* Assets.xcassets */; };
		BC06967423FB06C800502128 /* LaunchScreen.storyboard in Resources */ = {isa = PBXBuildFile; fileRef = BC06967223FB06C800502128 /* LaunchScreen.storyboard */; };
		BC06967C23FB071C00502128 /* Utilities.swift in Sources */ = {isa = PBXBuildFile; fileRef = BC06967B23FB071C00502128 /* Utilities.swift */; };
		BC06967E23FB0C4200502128 /* Random3DNodes.swift in Sources */ = {isa = PBXBuildFile; fileRef = BC06967D23FB0C4200502128 /* Random3DNodes.swift */; };
/* End PBXBuildFile section */

/* Begin PBXFileReference section */
		BC06966423FB06C500502128 /* Who ARe you?.app */ = {isa = PBXFileReference; explicitFileType = wrapper.application; includeInIndex = 0; path = "Who ARe you?.app"; sourceTree = BUILT_PRODUCTS_DIR; };
		BC06966723FB06C500502128 /* AppDelegate.swift */ = {isa = PBXFileReference; lastKnownFileType = sourcecode.swift; path = AppDelegate.swift; sourceTree = "<group>"; };
		BC06966923FB06C500502128 /* art.scnassets */ = {isa = PBXFileReference; lastKnownFileType = wrapper.scnassets; path = art.scnassets; sourceTree = "<group>"; };
		BC06966B23FB06C500502128 /* ViewController.swift */ = {isa = PBXFileReference; lastKnownFileType = sourcecode.swift; path = ViewController.swift; sourceTree = "<group>"; };
		BC06966E23FB06C500502128 /* Base */ = {isa = PBXFileReference; lastKnownFileType = file.storyboard; name = Base; path = Base.lproj/Main.storyboard; sourceTree = "<group>"; };
		BC06967023FB06C800502128 /* Assets.xcassets */ = {isa = PBXFileReference; lastKnownFileType = folder.assetcatalog; path = Assets.xcassets; sourceTree = "<group>"; };
		BC06967323FB06C800502128 /* Base */ = {isa = PBXFileReference; lastKnownFileType = file.storyboard; name = Base; path = Base.lproj/LaunchScreen.storyboard; sourceTree = "<group>"; };
		BC06967523FB06C800502128 /* Info.plist */ = {isa = PBXFileReference; lastKnownFileType = text.plist.xml; path = Info.plist; sourceTree = "<group>"; };
		BC06967B23FB071C00502128 /* Utilities.swift */ = {isa = PBXFileReference; fileEncoding = 4; lastKnownFileType = sourcecode.swift; path = Utilities.swift; sourceTree = "<group>"; };
		BC06967D23FB0C4200502128 /* Random3DNodes.swift */ = {isa = PBXFileReference; lastKnownFileType = sourcecode.swift; path = Random3DNodes.swift; sourceTree = "<group>"; };
/* End PBXFileReference section */

/* Begin PBXFrameworksBuildPhase section */
		BC06966123FB06C500502128 /* Frameworks */ = {
			isa = PBXFrameworksBuildPhase;
			buildActionMask = 2147483647;
			files = (
			);
			runOnlyForDeploymentPostprocessing = 0;
		};
/* End PBXFrameworksBuildPhase section */

/* Begin PBXGroup section */
		BC06965B23FB06C500502128 = {
			isa = PBXGroup;
			children = (
				BC06966623FB06C500502128 /* Who ARe you? */,
				BC06966523FB06C500502128 /* Products */,
			);
			sourceTree = "<group>";
		};
		BC06966523FB06C500502128 /* Products */ = {
			isa = PBXGroup;
			children = (
				BC06966423FB06C500502128 /* Who ARe you?.app */,
			);
			name = Products;
			sourceTree = "<group>";
		};
		BC06966623FB06C500502128 /* Who ARe you? */ = {
			isa = PBXGroup;
			children = (
				BC06966723FB06C500502128 /* AppDelegate.swift */,
				BC06966923FB06C500502128 /* art.scnassets */,
				BC06966B23FB06C500502128 /* ViewController.swift */,
				BC06967B23FB071C00502128 /* Utilities.swift */,
				BC06967D23FB0C4200502128 /* Random3DNodes.swift */,
				BC06966D23FB06C500502128 /* Main.storyboard */,
				BC06967023FB06C800502128 /* Assets.xcassets */,
				BC06967223FB06C800502128 /* LaunchScreen.storyboard */,
				BC06967523FB06C800502128 /* Info.plist */,
			);
			path = "Who ARe you?";
			sourceTree = "<group>";
		};
/* End PBXGroup section */

/* Begin PBXNativeTarget section */
		BC06966323FB06C500502128 /* Who ARe you? */ = {
			isa = PBXNativeTarget;
			buildConfigurationList = BC06967823FB06C800502128 /* Build configuration list for PBXNativeTarget "Who ARe you?" */;
			buildPhases = (
				BC06966023FB06C500502128 /* Sources */,
				BC06966123FB06C500502128 /* Frameworks */,
				BC06966223FB06C500502128 /* Resources */,
			);
			buildRules = (
			);
			dependencies = (
			);
			name = "Who ARe you?";
			productName = "Who ARe you?";
			productReference = BC06966423FB06C500502128 /* Who ARe you?.app */;
			productType = "com.apple.product-type.application";
		};
/* End PBXNativeTarget section */

/* Begin PBXProject section */
		BC06965C23FB06C500502128 /* Project object */ = {
			isa = PBXProject;
			attributes = {
				LastSwiftUpdateCheck = 1130;
				LastUpgradeCheck = 1130;
				ORGANIZATIONNAME = "Guilherme Enes";
				TargetAttributes = {
					BC06966323FB06C500502128 = {
						CreatedOnToolsVersion = 11.3.1;
					};
				};
			};
			buildConfigurationList = BC06965F23FB06C500502128 /* Build configuration list for PBXProject "Who ARe you?" */;
			compatibilityVersion = "Xcode 9.3";
			developmentRegion = en;
			hasScannedForEncodings = 0;
			knownRegions = (
				en,
				Base,
			);
			mainGroup = BC06965B23FB06C500502128;
			productRefGroup = BC06966523FB06C500502128 /* Products */;
			projectDirPath = "";
			projectRoot = "";
			targets = (
				BC06966323FB06C500502128 /* Who ARe you? */,
			);
		};
/* End PBXProject section */

/* Begin PBXResourcesBuildPhase section */
		BC06966223FB06C500502128 /* Resources */ = {
			isa = PBXResourcesBuildPhase;
			buildActionMask = 2147483647;
			files = (
				BC06966A23FB06C500502128 /* art.scnassets in Resources */,
				BC06967423FB06C800502128 /* LaunchScreen.storyboard in Resources */,
				BC06967123FB06C800502128 /* Assets.xcassets in Resources */,
				BC06966F23FB06C500502128 /* Main.storyboard in Resources */,
			);
			runOnlyForDeploymentPostprocessing = 0;
		};
/* End PBXResourcesBuildPhase section */

/* Begin PBXSourcesBuildPhase section */
		BC06966023FB06C500502128 /* Sources */ = {
			isa = PBXSourcesBuildPhase;
			buildActionMask = 2147483647;
			files = (
				BC06967C23FB071C00502128 /* Utilities.swift in Sources */,
				BC06966C23FB06C500502128 /* ViewController.swift in Sources */,
				BC06966823FB06C500502128 /* AppDelegate.swift in Sources */,
				BC06967E23FB0C4200502128 /* Random3DNodes.swift in Sources */,
			);
			runOnlyForDeploymentPostprocessing = 0;
		};
/* End PBXSourcesBuildPhase section */

/* Begin PBXVariantGroup section */
		BC06966D23FB06C500502128 /* Main.storyboard */ = {
			isa = PBXVariantGroup;
			children = (
				BC06966E23FB06C500502128 /* Base */,
			);
			name = Main.storyboard;
			sourceTree = "<group>";
		};
		BC06967223FB06C800502128 /* LaunchScreen.storyboard */ = {
			isa = PBXVariantGroup;
			children = (
				BC06967323FB06C800502128 /* Base */,
			);
			name = LaunchScreen.storyboard;
			sourceTree = "<group>";
		};
/* End PBXVariantGroup section */

/* Begin XCBuildConfiguration section */
		BC06967623FB06C800502128 /* Debug */ = {
			isa = XCBuildConfiguration;
			buildSettings = {
				ALWAYS_SEARCH_USER_PATHS = NO;
				CLANG_ANALYZER_NONNULL = YES;
				CLANG_ANALYZER_NUMBER_OBJECT_CONVERSION = YES_AGGRESSIVE;
				CLANG_CXX_LANGUAGE_STANDARD = "gnu++14";
				CLANG_CXX_LIBRARY = "libc++";
				CLANG_ENABLE_MODULES = YES;
				CLANG_ENABLE_OBJC_ARC = YES;
				CLANG_ENABLE_OBJC_WEAK = YES;
				CLANG_WARN_BLOCK_CAPTURE_AUTORELEASING = YES;
				CLANG_WARN_BOOL_CONVERSION = YES;
				CLANG_WARN_COMMA = YES;
				CLANG_WARN_CONSTANT_CONVERSION = YES;
				CLANG_WARN_DEPRECATED_OBJC_IMPLEMENTATIONS = YES;
				CLANG_WARN_DIRECT_OBJC_ISA_USAGE = YES_ERROR;
				CLANG_WARN_DOCUMENTATION_COMMENTS = YES;
				CLANG_WARN_EMPTY_BODY = YES;
				CLANG_WARN_ENUM_CONVERSION = YES;
				CLANG_WARN_INFINITE_RECURSION = YES;
				CLANG_WARN_INT_CONVERSION = YES;
				CLANG_WARN_NON_LITERAL_NULL_CONVERSION = YES;
				CLANG_WARN_OBJC_IMPLICIT_RETAIN_SELF = YES;
				CLANG_WARN_OBJC_LITERAL_CONVERSION = YES;
				CLANG_WARN_OBJC_ROOT_CLASS = YES_ERROR;
				CLANG_WARN_RANGE_LOOP_ANALYSIS = YES;
				CLANG_WARN_STRICT_PROTOTYPES = YES;
				CLANG_WARN_SUSPICIOUS_MOVE = YES;
				CLANG_WARN_UNGUARDED_AVAILABILITY = YES_AGGRESSIVE;
				CLANG_WARN_UNREACHABLE_CODE = YES;
				CLANG_WARN__DUPLICATE_METHOD_MATCH = YES;
				COPY_PHASE_STRIP = NO;
				DEBUG_INFORMATION_FORMAT = dwarf;
				ENABLE_STRICT_OBJC_MSGSEND = YES;
				ENABLE_TESTABILITY = YES;
				GCC_C_LANGUAGE_STANDARD = gnu11;
				GCC_DYNAMIC_NO_PIC = NO;
				GCC_NO_COMMON_BLOCKS = YES;
				GCC_OPTIMIZATION_LEVEL = 0;
				GCC_PREPROCESSOR_DEFINITIONS = (
					"DEBUG=1",
					"$(inherited)",
				);
				GCC_WARN_64_TO_32_BIT_CONVERSION = YES;
				GCC_WARN_ABOUT_RETURN_TYPE = YES_ERROR;
				GCC_WARN_UNDECLARED_SELECTOR = YES;
				GCC_WARN_UNINITIALIZED_AUTOS = YES_AGGRESSIVE;
				GCC_WARN_UNUSED_FUNCTION = YES;
				GCC_WARN_UNUSED_VARIABLE = YES;
				IPHONEOS_DEPLOYMENT_TARGET = 13.2;
				MTL_ENABLE_DEBUG_INFO = INCLUDE_SOURCE;
				MTL_FAST_MATH = YES;
				ONLY_ACTIVE_ARCH = YES;
				SDKROOT = iphoneos;
				SWIFT_ACTIVE_COMPILATION_CONDITIONS = DEBUG;
				SWIFT_OPTIMIZATION_LEVEL = "-Onone";
			};
			name = Debug;
		};
		BC06967723FB06C800502128 /* Release */ = {
			isa = XCBuildConfiguration;
			buildSettings = {
				ALWAYS_SEARCH_USER_PATHS = NO;
				CLANG_ANALYZER_NONNULL = YES;
				CLANG_ANALYZER_NUMBER_OBJECT_CONVERSION = YES_AGGRESSIVE;
				CLANG_CXX_LANGUAGE_STANDARD = "gnu++14";
				CLANG_CXX_LIBRARY = "libc++";
				CLANG_ENABLE_MODULES = YES;
				CLANG_ENABLE_OBJC_ARC = YES;
				CLANG_ENABLE_OBJC_WEAK = YES;
				CLANG_WARN_BLOCK_CAPTURE_AUTORELEASING = YES;
				CLANG_WARN_BOOL_CONVERSION = YES;
				CLANG_WARN_COMMA = YES;
				CLANG_WARN_CONSTANT_CONVERSION = YES;
				CLANG_WARN_DEPRECATED_OBJC_IMPLEMENTATIONS = YES;
				CLANG_WARN_DIRECT_OBJC_ISA_USAGE = YES_ERROR;
				CLANG_WARN_DOCUMENTATION_COMMENTS = YES;
				CLANG_WARN_EMPTY_BODY = YES;
				CLANG_WARN_ENUM_CONVERSION = YES;
				CLANG_WARN_INFINITE_RECURSION = YES;
				CLANG_WARN_INT_CONVERSION = YES;
				CLANG_WARN_NON_LITERAL_NULL_CONVERSION = YES;
				CLANG_WARN_OBJC_IMPLICIT_RETAIN_SELF = YES;
				CLANG_WARN_OBJC_LITERAL_CONVERSION = YES;
				CLANG_WARN_OBJC_ROOT_CLASS = YES_ERROR;
				CLANG_WARN_RANGE_LOOP_ANALYSIS = YES;
				CLANG_WARN_STRICT_PROTOTYPES = YES;
				CLANG_WARN_SUSPICIOUS_MOVE = YES;
				CLANG_WARN_UNGUARDED_AVAILABILITY = YES_AGGRESSIVE;
				CLANG_WARN_UNREACHABLE_CODE = YES;
				CLANG_WARN__DUPLICATE_METHOD_MATCH = YES;
				COPY_PHASE_STRIP = NO;
				DEBUG_INFORMATION_FORMAT = "dwarf-with-dsym";
				ENABLE_NS_ASSERTIONS = NO;
				ENABLE_STRICT_OBJC_MSGSEND = YES;
				GCC_C_LANGUAGE_STANDARD = gnu11;
				GCC_NO_COMMON_BLOCKS = YES;
				GCC_WARN_64_TO_32_BIT_CONVERSION = YES;
				GCC_WARN_ABOUT_RETURN_TYPE = YES_ERROR;
				GCC_WARN_UNDECLARED_SELECTOR = YES;
				GCC_WARN_UNINITIALIZED_AUTOS = YES_AGGRESSIVE;
				GCC_WARN_UNUSED_FUNCTION = YES;
				GCC_WARN_UNUSED_VARIABLE = YES;
				IPHONEOS_DEPLOYMENT_TARGET = 13.2;
				MTL_ENABLE_DEBUG_INFO = NO;
				MTL_FAST_MATH = YES;
				SDKROOT = iphoneos;
				SWIFT_COMPILATION_MODE = wholemodule;
				SWIFT_OPTIMIZATION_LEVEL = "-O";
				VALIDATE_PRODUCT = YES;
			};
			name = Release;
		};
		BC06967923FB06C800502128 /* Debug */ = {
			isa = XCBuildConfiguration;
			buildSettings = {
				ASSETCATALOG_COMPILER_APPICON_NAME = AppIcon;
				CODE_SIGN_STYLE = Automatic;
				DEVELOPMENT_TEAM = BSH4XC9RT9;
				INFOPLIST_FILE = "Who ARe you?/Info.plist";
				LD_RUNPATH_SEARCH_PATHS = (
					"$(inherited)",
					"@executable_path/Frameworks",
				);
				PRODUCT_BUNDLE_IDENTIFIER = "br.developeracademy.Who-ARe-you-";
				PRODUCT_NAME = "$(TARGET_NAME)";
				SWIFT_VERSION = 5.0;
				TARGETED_DEVICE_FAMILY = 1;
			};
			name = Debug;
		};
		BC06967A23FB06C800502128 /* Release */ = {
			isa = XCBuildConfiguration;
			buildSettings = {
				ASSETCATALOG_COMPILER_APPICON_NAME = AppIcon;
				CODE_SIGN_STYLE = Automatic;
				DEVELOPMENT_TEAM = BSH4XC9RT9;
				INFOPLIST_FILE = "Who ARe you?/Info.plist";
				LD_RUNPATH_SEARCH_PATHS = (
					"$(inherited)",
					"@executable_path/Frameworks",
				);
				PRODUCT_BUNDLE_IDENTIFIER = "br.developeracademy.Who-ARe-you-";
				PRODUCT_NAME = "$(TARGET_NAME)";
				SWIFT_VERSION = 5.0;
				TARGETED_DEVICE_FAMILY = 1;
			};
			name = Release;
		};
/* End XCBuildConfiguration section */

/* Begin XCConfigurationList section */
		BC06965F23FB06C500502128 /* Build configuration list for PBXProject "Who ARe you?" */ = {
			isa = XCConfigurationList;
			buildConfigurations = (
				BC06967623FB06C800502128 /* Debug */,
				BC06967723FB06C800502128 /* Release */,
			);
			defaultConfigurationIsVisible = 0;
			defaultConfigurationName = Release;
		};
		BC06967823FB06C800502128 /* Build configuration list for PBXNativeTarget "Who ARe you?" */ = {
			isa = XCConfigurationList;
			buildConfigurations = (
				BC06967923FB06C800502128 /* Debug */,
				BC06967A23FB06C800502128 /* Release */,
			);
			defaultConfigurationIsVisible = 0;
			defaultConfigurationName = Release;
		};
/* End XCConfigurationList section */
	};
	rootObject = BC06965C23FB06C500502128 /* Project object */;
}
